
Microsoft Visual Studio Solution File, Format Version 12.00
# Visual Studio Version 17
VisualStudioVersion = 17.10.35013.160
MinimumVisualStudioVersion = 10.0.40219.1
Project("{FAE04EC0-301F-11D3-BF4B-00C04F79EFBC}") = "Online_Shop_EFW", "Online_Shop_EFW\Online_Shop_EFW.csproj", "{3816148C-DEB1-454B-A672-7E3D51385563}"
EndProject
Global
	GlobalSection(SolutionConfigurationPlatforms) = preSolution
		Debug|Any CPU = Debug|Any CPU
		Release|Any CPU = Release|Any CPU
	EndGlobalSection
	GlobalSection(ProjectConfigurationPlatforms) = postSolution
		{3816148C-DEB1-454B-A672-7E3D51385563}.Debug|Any CPU.ActiveCfg = Debug|Any CPU
		{3816148C-DEB1-454B-A672-7E3D51385563}.Debug|Any CPU.Build.0 = Debug|Any CPU
		{3816148C-DEB1-454B-A672-7E3D51385563}.Release|Any CPU.ActiveCfg = Release|Any CPU
		{3816148C-DEB1-454B-A672-7E3D51385563}.Release|Any CPU.Build.0 = Release|Any CPU
	EndGlobalSection
	GlobalSection(SolutionProperties) = preSolution
		HideSolutionNode = FALSE
	EndGlobalSection
	GlobalSection(ExtensibilityGlobals) = postSolution
		SolutionGuid = {89E16C36-115A-403B-B352-325EFE82DF4B}
	EndGlobalSection
EndGlobal
